PODS:
  - LinqToObjectiveC (2.0.0)
  - objectiveflickr (2.0.4)
  - ReactiveCocoa (2.1.8):
    - ReactiveCocoa/Core (= 2.1.8)
    - ReactiveCocoa/no-arc (= 2.1.8)
  - ReactiveCocoa/Core (2.1.8):
    - ReactiveCocoa/no-arc
  - ReactiveCocoa/no-arc (2.1.8)
  - SDWebImage (3.8.2):
    - SDWebImage/Core (= 3.8.2)
  - SDWebImage/Core (3.8.2)

DEPENDENCIES:
  - LinqToObjectiveC (= 2.0.0)
  - objectiveflickr (= 2.0.4)
  - ReactiveCocoa (= 2.1.8)
  - SDWebImage

SPEC CHECKSUMS:
  LinqToObjectiveC: 768f98c62d5b57cb6bdb7ab869e33d0a7a2da29c
  objectiveflickr: aed169dae1eb5a5550ca78f7efd7ccde2e4c26e5
  ReactiveCocoa: f89f2e009a87951b50321bf9feb958823fcc617e
  SDWebImage: 098e97e6176540799c27e804c96653ee0833d13c

PODFILE CHECKSUM: 91d4f0532a44ff01a9fb40c5a97974dbb10d71ee

COCOAPODS: 1.2.0.beta.1
